
Microsoft Visual Studio Solution File, Format Version 12.00
# Visual Studio 15
VisualStudioVersion = 15.0.26124.0
MinimumVisualStudioVersion = 15.0.26124.0
Project("{2150E333-8FDC-42A3-9474-1A3956D46DE8}") = "src", "src", "{27041CD9-D8D2-4961-9D5D-237A5FDEBA48}"
EndProject
Project("{FAE04EC0-301F-11D3-BF4B-00C04F79EFBC}") = "SimpleAPI", "src\SimpleAPI\SimpleAPI.csproj", "{AAC7FB27-1AC7-42D1-AE88-9A459B24E67C}"
EndProject
Project("{2150E333-8FDC-42A3-9474-1A3956D46DE8}") = "test", "test", "{01CE8FB0-665E-4602-B997-260EAD0CB8DF}"
EndProject
Project("{FAE04EC0-301F-11D3-BF4B-00C04F79EFBC}") = "SimpleAPI.Test", "test\SimpleAPI.test\SimpleAPI.Test.csproj", "{35EDA451-FE53-455F-AFAF-72BAAE30DCA1}"
EndProject
Global
	GlobalSection(SolutionConfigurationPlatforms) = preSolution
		Debug|Any CPU = Debug|Any CPU
		Debug|x64 = Debug|x64
		Debug|x86 = Debug|x86
		Release|Any CPU = Release|Any CPU
		Release|x64 = Release|x64
		Release|x86 = Release|x86
	EndGlobalSection
	GlobalSection(SolutionProperties) = preSolution
		HideSolutionNode = FALSE
	EndGlobalSection
	GlobalSection(ProjectConfigurationPlatforms) = postSolution
		{AAC7FB27-1AC7-42D1-AE88-9A459B24E67C}.Debug|Any CPU.ActiveCfg = Debug|Any CPU
		{AAC7FB27-1AC7-42D1-AE88-9A459B24E67C}.Debug|Any CPU.Build.0 = Debug|Any CPU
		{AAC7FB27-1AC7-42D1-AE88-9A459B24E67C}.Debug|x64.ActiveCfg = Debug|Any CPU
		{AAC7FB27-1AC7-42D1-AE88-9A459B24E67C}.Debug|x64.Build.0 = Debug|Any CPU
		{AAC7FB27-1AC7-42D1-AE88-9A459B24E67C}.Debug|x86.ActiveCfg = Debug|Any CPU
		{AAC7FB27-1AC7-42D1-AE88-9A459B24E67C}.Debug|x86.Build.0 = Debug|Any CPU
		{AAC7FB27-1AC7-42D1-AE88-9A459B24E67C}.Release|Any CPU.ActiveCfg = Release|Any CPU
		{AAC7FB27-1AC7-42D1-AE88-9A459B24E67C}.Release|Any CPU.Build.0 = Release|Any CPU
		{AAC7FB27-1AC7-42D1-AE88-9A459B24E67C}.Release|x64.ActiveCfg = Release|Any CPU
		{AAC7FB27-1AC7-42D1-AE88-9A459B24E67C}.Release|x64.Build.0 = Release|Any CPU
		{AAC7FB27-1AC7-42D1-AE88-9A459B24E67C}.Release|x86.ActiveCfg = Release|Any CPU
		{AAC7FB27-1AC7-42D1-AE88-9A459B24E67C}.Release|x86.Build.0 = Release|Any CPU
		{35EDA451-FE53-455F-AFAF-72BAAE30DCA1}.Debug|Any CPU.ActiveCfg = Debug|Any CPU
		{35EDA451-FE53-455F-AFAF-72BAAE30DCA1}.Debug|Any CPU.Build.0 = Debug|Any CPU
		{35EDA451-FE53-455F-AFAF-72BAAE30DCA1}.Debug|x64.ActiveCfg = Debug|Any CPU
		{35EDA451-FE53-455F-AFAF-72BAAE30DCA1}.Debug|x64.Build.0 = Debug|Any CPU
		{35EDA451-FE53-455F-AFAF-72BAAE30DCA1}.Debug|x86.ActiveCfg = Debug|Any CPU
		{35EDA451-FE53-455F-AFAF-72BAAE30DCA1}.Debug|x86.Build.0 = Debug|Any CPU
		{35EDA451-FE53-455F-AFAF-72BAAE30DCA1}.Release|Any CPU.ActiveCfg = Release|Any CPU
		{35EDA451-FE53-455F-AFAF-72BAAE30DCA1}.Release|Any CPU.Build.0 = Release|Any CPU
		{35EDA451-FE53-455F-AFAF-72BAAE30DCA1}.Release|x64.ActiveCfg = Release|Any CPU
		{35EDA451-FE53-455F-AFAF-72BAAE30DCA1}.Release|x64.Build.0 = Release|Any CPU
		{35EDA451-FE53-455F-AFAF-72BAAE30DCA1}.Release|x86.ActiveCfg = Release|Any CPU
		{35EDA451-FE53-455F-AFAF-72BAAE30DCA1}.Release|x86.Build.0 = Release|Any CPU
	EndGlobalSection
	GlobalSection(NestedProjects) = preSolution
		{AAC7FB27-1AC7-42D1-AE88-9A459B24E67C} = {27041CD9-D8D2-4961-9D5D-237A5FDEBA48}
		{35EDA451-FE53-455F-AFAF-72BAAE30DCA1} = {01CE8FB0-665E-4602-B997-260EAD0CB8DF}
	EndGlobalSection
EndGlobal
